
Microsoft Visual Studio Solution File, Format Version 12.00
# Visual Studio 15
VisualStudioVersion = 15.0.27428.2015
MinimumVisualStudioVersion = 10.0.40219.1
Project("{FAE04EC0-301F-11D3-BF4B-00C04F79EFBC}") = "Adhoc_Noclist", "Adhoc_Noclist.csproj", "{87C4303E-BE69-4D73-9169-A06F42DAEB4A}"
EndProject
Project("{FAE04EC0-301F-11D3-BF4B-00C04F79EFBC}") = "Adhoc_Noclist_Tests", "Adhoc_Noclist_UnitTests\Adhoc_Noclist_Tests.csproj", "{71EF7477-81FA-4B87-B915-38373C81CEBD}"
EndProject
Global
	GlobalSection(SolutionConfigurationPlatforms) = preSolution
		Debug|Any CPU = Debug|Any CPU
		Release|Any CPU = Release|Any CPU
	EndGlobalSection
	GlobalSection(ProjectConfigurationPlatforms) = postSolution
		{87C4303E-BE69-4D73-9169-A06F42DAEB4A}.Debug|Any CPU.ActiveCfg = Debug|Any CPU
		{87C4303E-BE69-4D73-9169-A06F42DAEB4A}.Debug|Any CPU.Build.0 = Debug|Any CPU
		{87C4303E-BE69-4D73-9169-A06F42DAEB4A}.Release|Any CPU.ActiveCfg = Release|Any CPU
		{87C4303E-BE69-4D73-9169-A06F42DAEB4A}.Release|Any CPU.Build.0 = Release|Any CPU
		{71EF7477-81FA-4B87-B915-38373C81CEBD}.Debug|Any CPU.ActiveCfg = Debug|Any CPU
		{71EF7477-81FA-4B87-B915-38373C81CEBD}.Debug|Any CPU.Build.0 = Debug|Any CPU
		{71EF7477-81FA-4B87-B915-38373C81CEBD}.Release|Any CPU.ActiveCfg = Release|Any CPU
		{71EF7477-81FA-4B87-B915-38373C81CEBD}.Release|Any CPU.Build.0 = Release|Any CPU
	EndGlobalSection
	GlobalSection(SolutionProperties) = preSolution
		HideSolutionNode = FALSE
	EndGlobalSection
	GlobalSection(ExtensibilityGlobals) = postSolution
		SolutionGuid = {821D45D3-8383-4015-93B8-551CB4FECC7E}
	EndGlobalSection
EndGlobal
